
Microsoft Visual Studio Solution File, Format Version 12.00
# Visual Studio Version 16
VisualStudioVersion = 16.0.30204.135
MinimumVisualStudioVersion = 10.0.40219.1
Project("{FAE04EC0-301F-11D3-BF4B-00C04F79EFBC}") = "Ex1", "Ex1\Ex1.csproj", "{AC63CB38-9083-43FF-95DB-99B202E3DA7A}"
EndProject
Project("{9A19103F-16F7-4668-BE54-9A1E7A4F7556}") = "Ex2", "Ex2\Ex2.csproj", "{22C48AE1-8F94-4CF2-93C3-118764B089EA}"
EndProject
Project("{9A19103F-16F7-4668-BE54-9A1E7A4F7556}") = "Ex3", "Ex3\Ex3.csproj", "{65BD5BD0-6290-49DA-9116-D01E1E26FE6F}"
EndProject
Project("{9A19103F-16F7-4668-BE54-9A1E7A4F7556}") = "Ex4", "Ex4\Ex4.csproj", "{4A185164-5DD2-4C6A-9C0A-C5095BA59F16}"
EndProject
Project("{9A19103F-16F7-4668-BE54-9A1E7A4F7556}") = "Ex5", "Ex5\Ex5.csproj", "{4C55E3CE-0303-4254-9BA8-197B9D547022}"
EndProject
Project("{9A19103F-16F7-4668-BE54-9A1E7A4F7556}") = "Ex6", "Ex6\Ex6.csproj", "{8F11F5EC-17A4-4CC0-8DDD-65022A7DE654}"
EndProject
Project("{9A19103F-16F7-4668-BE54-9A1E7A4F7556}") = "Ex7", "Ex7\Ex7.csproj", "{2B0C8867-CD4E-49A9-8543-90F58C85E892}"
EndProject
Project("{9A19103F-16F7-4668-BE54-9A1E7A4F7556}") = "Ex8", "Ex8\Ex8.csproj", "{0A17DEDF-1C90-453A-BED7-1B4F2BB1C056}"
EndProject
Project("{9A19103F-16F7-4668-BE54-9A1E7A4F7556}") = "Ex9", "Ex9\Ex9.csproj", "{39D2A1E4-552A-48E6-84D8-430ECFD2AF07}"
EndProject
Project("{FAE04EC0-301F-11D3-BF4B-00C04F79EFBC}") = "Ex10", "Ex10\Ex10.csproj", "{48A29806-1BC6-4919-AD07-9836529F425E}"
EndProject
Global
	GlobalSection(SolutionConfigurationPlatforms) = preSolution
		Debug|Any CPU = Debug|Any CPU
		Release|Any CPU = Release|Any CPU
	EndGlobalSection
	GlobalSection(ProjectConfigurationPlatforms) = postSolution
		{AC63CB38-9083-43FF-95DB-99B202E3DA7A}.Debug|Any CPU.ActiveCfg = Debug|Any CPU
		{AC63CB38-9083-43FF-95DB-99B202E3DA7A}.Debug|Any CPU.Build.0 = Debug|Any CPU
		{AC63CB38-9083-43FF-95DB-99B202E3DA7A}.Release|Any CPU.ActiveCfg = Release|Any CPU
		{AC63CB38-9083-43FF-95DB-99B202E3DA7A}.Release|Any CPU.Build.0 = Release|Any CPU
		{22C48AE1-8F94-4CF2-93C3-118764B089EA}.Debug|Any CPU.ActiveCfg = Debug|Any CPU
		{22C48AE1-8F94-4CF2-93C3-118764B089EA}.Debug|Any CPU.Build.0 = Debug|Any CPU
		{22C48AE1-8F94-4CF2-93C3-118764B089EA}.Release|Any CPU.ActiveCfg = Release|Any CPU
		{22C48AE1-8F94-4CF2-93C3-118764B089EA}.Release|Any CPU.Build.0 = Release|Any CPU
		{65BD5BD0-6290-49DA-9116-D01E1E26FE6F}.Debug|Any CPU.ActiveCfg = Debug|Any CPU
		{65BD5BD0-6290-49DA-9116-D01E1E26FE6F}.Debug|Any CPU.Build.0 = Debug|Any CPU
		{65BD5BD0-6290-49DA-9116-D01E1E26FE6F}.Release|Any CPU.ActiveCfg = Release|Any CPU
		{65BD5BD0-6290-49DA-9116-D01E1E26FE6F}.Release|Any CPU.Build.0 = Release|Any CPU
		{4A185164-5DD2-4C6A-9C0A-C5095BA59F16}.Debug|Any CPU.ActiveCfg = Debug|Any CPU
		{4A185164-5DD2-4C6A-9C0A-C5095BA59F16}.Debug|Any CPU.Build.0 = Debug|Any CPU
		{4A185164-5DD2-4C6A-9C0A-C5095BA59F16}.Release|Any CPU.ActiveCfg = Release|Any CPU
		{4A185164-5DD2-4C6A-9C0A-C5095BA59F16}.Release|Any CPU.Build.0 = Release|Any CPU
		{4C55E3CE-0303-4254-9BA8-197B9D547022}.Debug|Any CPU.ActiveCfg = Debug|Any CPU
		{4C55E3CE-0303-4254-9BA8-197B9D547022}.Debug|Any CPU.Build.0 = Debug|Any CPU
		{4C55E3CE-0303-4254-9BA8-197B9D547022}.Release|Any CPU.ActiveCfg = Release|Any CPU
		{4C55E3CE-0303-4254-9BA8-197B9D547022}.Release|Any CPU.Build.0 = Release|Any CPU
		{8F11F5EC-17A4-4CC0-8DDD-65022A7DE654}.Debug|Any CPU.ActiveCfg = Debug|Any CPU
		{8F11F5EC-17A4-4CC0-8DDD-65022A7DE654}.Debug|Any CPU.Build.0 = Debug|Any CPU
		{8F11F5EC-17A4-4CC0-8DDD-65022A7DE654}.Release|Any CPU.ActiveCfg = Release|Any CPU
		{8F11F5EC-17A4-4CC0-8DDD-65022A7DE654}.Release|Any CPU.Build.0 = Release|Any CPU
		{2B0C8867-CD4E-49A9-8543-90F58C85E892}.Debug|Any CPU.ActiveCfg = Debug|Any CPU
		{2B0C8867-CD4E-49A9-8543-90F58C85E892}.Debug|Any CPU.Build.0 = Debug|Any CPU
		{2B0C8867-CD4E-49A9-8543-90F58C85E892}.Release|Any CPU.ActiveCfg = Release|Any CPU
		{2B0C8867-CD4E-49A9-8543-90F58C85E892}.Release|Any CPU.Build.0 = Release|Any CPU
		{0A17DEDF-1C90-453A-BED7-1B4F2BB1C056}.Debug|Any CPU.ActiveCfg = Debug|Any CPU
		{0A17DEDF-1C90-453A-BED7-1B4F2BB1C056}.Debug|Any CPU.Build.0 = Debug|Any CPU
		{0A17DEDF-1C90-453A-BED7-1B4F2BB1C056}.Release|Any CPU.ActiveCfg = Release|Any CPU
		{0A17DEDF-1C90-453A-BED7-1B4F2BB1C056}.Release|Any CPU.Build.0 = Release|Any CPU
		{39D2A1E4-552A-48E6-84D8-430ECFD2AF07}.Debug|Any CPU.ActiveCfg = Debug|Any CPU
		{39D2A1E4-552A-48E6-84D8-430ECFD2AF07}.Debug|Any CPU.Build.0 = Debug|Any CPU
		{39D2A1E4-552A-48E6-84D8-430ECFD2AF07}.Release|Any CPU.ActiveCfg = Release|Any CPU
		{39D2A1E4-552A-48E6-84D8-430ECFD2AF07}.Release|Any CPU.Build.0 = Release|Any CPU
		{48A29806-1BC6-4919-AD07-9836529F425E}.Debug|Any CPU.ActiveCfg = Debug|Any CPU
		{48A29806-1BC6-4919-AD07-9836529F425E}.Debug|Any CPU.Build.0 = Debug|Any CPU
		{48A29806-1BC6-4919-AD07-9836529F425E}.Release|Any CPU.ActiveCfg = Release|Any CPU
		{48A29806-1BC6-4919-AD07-9836529F425E}.Release|Any CPU.Build.0 = Release|Any CPU
	EndGlobalSection
	GlobalSection(SolutionProperties) = preSolution
		HideSolutionNode = FALSE
	EndGlobalSection
	GlobalSection(ExtensibilityGlobals) = postSolution
		SolutionGuid = {D75DDBCA-7DF4-46EF-A1C5-6C4B53C00842}
	EndGlobalSection
EndGlobal
