
Microsoft Visual Studio Solution File, Format Version 12.00
# Visual Studio Version 16
VisualStudioVersion = 16.0.30204.135
MinimumVisualStudioVersion = 10.0.40219.1
Project("{FAE04EC0-301F-11D3-BF4B-00C04F79EFBC}") = "Ex1", "Ex1\Ex1.csproj", "{AC63CB38-9083-43FF-95DB-99B202E3DA7A}"
EndProject
Project("{9A19103F-16F7-4668-BE54-9A1E7A4F7556}") = "Ex2", "Ex2\Ex2.csproj", "{22C48AE1-8F94-4CF2-93C3-118764B089EA}"
EndProject
Project("{9A19103F-16F7-4668-BE54-9A1E7A4F7556}") = "Ex3", "Ex3\Ex3.csproj", "{65BD5BD0-6290-49DA-9116-D01E1E26FE6F}"
EndProject
Project("{9A19103F-16F7-4668-BE54-9A1E7A4F7556}") = "Ex4", "Ex4\Ex4.csproj", "{4A185164-5DD2-4C6A-9C0A-C5095BA59F16}"
EndProject
Project("{9A19103F-16F7-4668-BE54-9A1E7A4F7556}") = "Ex5", "Ex5\Ex5.csproj", "{4C55E3CE-0303-4254-9BA8-197B9D547022}"
EndProject
Project("{9A19103F-16F7-4668-BE54-9A1E7A4F7556}") = "Ex6", "Ex6\Ex6.csproj", "{8F11F5EC-17A4-4CC0-8DDD-65022A7DE654}"
EndProject
Project("{9A19103F-16F7-4668-BE54-9A1E7A4F7556}") = "Ex7", "Ex7\Ex7.csproj", "{2B0C8867-CD4E-49A9-8543-90F58C85E892}"
EndProject
Project("{9A19103F-16F7-4668-BE54-9A1E7A4F7556}") = "Ex8", "Ex8\Ex8.csproj", "{0A17DEDF-1C90-453A-BED7-1B4F2BB1C056}"
EndProject
Project("{9A19103F-16F7-4668-BE54-9A1E7A4F7556}") = "Ex9", "Ex9\Ex9.csproj", "{39D2A1E4-552A-48E6-84D8-430ECFD2AF07}"
EndProject
Project("{9A19103F-16F7-4668-BE54-9A1E7A4F7556}") = "Ex10", "Ex10\Ex10.csproj", "{48A29806-1BC6-4919-AD07-9836529F425E}"
EndProject
Project("{9A19103F-16F7-4668-BE54-9A1E7A4F7556}") = "Ex11", "Ex11\Ex11.csproj", "{EC8E34B7-884B-49D4-9908-7B09382B8FDC}"
EndProject
Project("{9A19103F-16F7-4668-BE54-9A1E7A4F7556}") = "Ex12", "Ex12\Ex12.csproj", "{E8496D93-100A-4494-B6F4-0A2DCEED8899}"
EndProject
Project("{9A19103F-16F7-4668-BE54-9A1E7A4F7556}") = "Ex13", "Ex13\Ex13.csproj", "{43E98F7C-FC6C-4055-95AD-588A8D3BE07B}"
EndProject
Project("{9A19103F-16F7-4668-BE54-9A1E7A4F7556}") = "Ex14", "Ex14\Ex14.csproj", "{F9745FC3-91DC-479B-804E-6E6A4A33F801}"
EndProject
Project("{9A19103F-16F7-4668-BE54-9A1E7A4F7556}") = "Ex15", "Ex15\Ex15.csproj", "{3ECE2C21-0004-4E69-9808-3CAC9D63D787}"
EndProject
Project("{9A19103F-16F7-4668-BE54-9A1E7A4F7556}") = "Ex16", "Ex16\Ex16.csproj", "{2D038E69-0196-49AF-986B-41DD611DBFFB}"
EndProject
Project("{9A19103F-16F7-4668-BE54-9A1E7A4F7556}") = "Ex17", "Ex17\Ex17.csproj", "{3B43E204-F393-4546-A47B-6E1778CEE1BA}"
EndProject
Project("{9A19103F-16F7-4668-BE54-9A1E7A4F7556}") = "Ex18", "Ex18\Ex18.csproj", "{367CA6EB-C325-4270-A713-9C600D69BE92}"
EndProject
Project("{9A19103F-16F7-4668-BE54-9A1E7A4F7556}") = "Ex19", "Ex19\Ex19.csproj", "{6095E0A5-4424-4BB8-AD0F-48B12DBB7CC6}"
EndProject
Project("{9A19103F-16F7-4668-BE54-9A1E7A4F7556}") = "Ex20", "Ex20\Ex20.csproj", "{2CF2976D-E565-460F-B12F-BD112129B07D}"
EndProject
Project("{9A19103F-16F7-4668-BE54-9A1E7A4F7556}") = "Ex21", "Ex21\Ex21.csproj", "{24E658A7-33DC-4370-9CB4-95E6588A0F89}"
EndProject
Project("{9A19103F-16F7-4668-BE54-9A1E7A4F7556}") = "InEx1", "InEx1\InEx1.csproj", "{5D1DB6FA-BD1D-4981-9CAD-D94541CF7CAA}"
EndProject
Project("{9A19103F-16F7-4668-BE54-9A1E7A4F7556}") = "InEx2", "InEx2\InEx2.csproj", "{1D72E839-8508-4A83-B4B5-4E11590A69A4}"
EndProject
Project("{9A19103F-16F7-4668-BE54-9A1E7A4F7556}") = "InEx3", "InEx3\InEx3.csproj", "{8C774F58-DB79-4493-BF65-942FC6EC13EF}"
EndProject
Project("{FAE04EC0-301F-11D3-BF4B-00C04F79EFBC}") = "InEx4", "InEx4\InEx4.csproj", "{73F06D96-8ADA-4594-9AED-61B1FEC51E3E}"
EndProject
Project("{FAE04EC0-301F-11D3-BF4B-00C04F79EFBC}") = "InEx5", "InEx5\InEx5.csproj", "{CBB69C99-7739-4818-9852-49F5F9EDC5A6}"
EndProject
Global
	GlobalSection(SolutionConfigurationPlatforms) = preSolution
		Debug|Any CPU = Debug|Any CPU
		Release|Any CPU = Release|Any CPU
	EndGlobalSection
	GlobalSection(ProjectConfigurationPlatforms) = postSolution
		{AC63CB38-9083-43FF-95DB-99B202E3DA7A}.Debug|Any CPU.ActiveCfg = Debug|Any CPU
		{AC63CB38-9083-43FF-95DB-99B202E3DA7A}.Debug|Any CPU.Build.0 = Debug|Any CPU
		{AC63CB38-9083-43FF-95DB-99B202E3DA7A}.Release|Any CPU.ActiveCfg = Release|Any CPU
		{AC63CB38-9083-43FF-95DB-99B202E3DA7A}.Release|Any CPU.Build.0 = Release|Any CPU
		{22C48AE1-8F94-4CF2-93C3-118764B089EA}.Debug|Any CPU.ActiveCfg = Debug|Any CPU
		{22C48AE1-8F94-4CF2-93C3-118764B089EA}.Debug|Any CPU.Build.0 = Debug|Any CPU
		{22C48AE1-8F94-4CF2-93C3-118764B089EA}.Release|Any CPU.ActiveCfg = Release|Any CPU
		{22C48AE1-8F94-4CF2-93C3-118764B089EA}.Release|Any CPU.Build.0 = Release|Any CPU
		{65BD5BD0-6290-49DA-9116-D01E1E26FE6F}.Debug|Any CPU.ActiveCfg = Debug|Any CPU
		{65BD5BD0-6290-49DA-9116-D01E1E26FE6F}.Debug|Any CPU.Build.0 = Debug|Any CPU
		{65BD5BD0-6290-49DA-9116-D01E1E26FE6F}.Release|Any CPU.ActiveCfg = Release|Any CPU
		{65BD5BD0-6290-49DA-9116-D01E1E26FE6F}.Release|Any CPU.Build.0 = Release|Any CPU
		{4A185164-5DD2-4C6A-9C0A-C5095BA59F16}.Debug|Any CPU.ActiveCfg = Debug|Any CPU
		{4A185164-5DD2-4C6A-9C0A-C5095BA59F16}.Debug|Any CPU.Build.0 = Debug|Any CPU
		{4A185164-5DD2-4C6A-9C0A-C5095BA59F16}.Release|Any CPU.ActiveCfg = Release|Any CPU
		{4A185164-5DD2-4C6A-9C0A-C5095BA59F16}.Release|Any CPU.Build.0 = Release|Any CPU
		{4C55E3CE-0303-4254-9BA8-197B9D547022}.Debug|Any CPU.ActiveCfg = Debug|Any CPU
		{4C55E3CE-0303-4254-9BA8-197B9D547022}.Debug|Any CPU.Build.0 = Debug|Any CPU
		{4C55E3CE-0303-4254-9BA8-197B9D547022}.Release|Any CPU.ActiveCfg = Release|Any CPU
		{4C55E3CE-0303-4254-9BA8-197B9D547022}.Release|Any CPU.Build.0 = Release|Any CPU
		{8F11F5EC-17A4-4CC0-8DDD-65022A7DE654}.Debug|Any CPU.ActiveCfg = Debug|Any CPU
		{8F11F5EC-17A4-4CC0-8DDD-65022A7DE654}.Debug|Any CPU.Build.0 = Debug|Any CPU
		{8F11F5EC-17A4-4CC0-8DDD-65022A7DE654}.Release|Any CPU.ActiveCfg = Release|Any CPU
		{8F11F5EC-17A4-4CC0-8DDD-65022A7DE654}.Release|Any CPU.Build.0 = Release|Any CPU
		{2B0C8867-CD4E-49A9-8543-90F58C85E892}.Debug|Any CPU.ActiveCfg = Debug|Any CPU
		{2B0C8867-CD4E-49A9-8543-90F58C85E892}.Debug|Any CPU.Build.0 = Debug|Any CPU
		{2B0C8867-CD4E-49A9-8543-90F58C85E892}.Release|Any CPU.ActiveCfg = Release|Any CPU
		{2B0C8867-CD4E-49A9-8543-90F58C85E892}.Release|Any CPU.Build.0 = Release|Any CPU
		{0A17DEDF-1C90-453A-BED7-1B4F2BB1C056}.Debug|Any CPU.ActiveCfg = Debug|Any CPU
		{0A17DEDF-1C90-453A-BED7-1B4F2BB1C056}.Debug|Any CPU.Build.0 = Debug|Any CPU
		{0A17DEDF-1C90-453A-BED7-1B4F2BB1C056}.Release|Any CPU.ActiveCfg = Release|Any CPU
		{0A17DEDF-1C90-453A-BED7-1B4F2BB1C056}.Release|Any CPU.Build.0 = Release|Any CPU
		{39D2A1E4-552A-48E6-84D8-430ECFD2AF07}.Debug|Any CPU.ActiveCfg = Debug|Any CPU
		{39D2A1E4-552A-48E6-84D8-430ECFD2AF07}.Debug|Any CPU.Build.0 = Debug|Any CPU
		{39D2A1E4-552A-48E6-84D8-430ECFD2AF07}.Release|Any CPU.ActiveCfg = Release|Any CPU
		{39D2A1E4-552A-48E6-84D8-430ECFD2AF07}.Release|Any CPU.Build.0 = Release|Any CPU
		{48A29806-1BC6-4919-AD07-9836529F425E}.Debug|Any CPU.ActiveCfg = Debug|Any CPU
		{48A29806-1BC6-4919-AD07-9836529F425E}.Debug|Any CPU.Build.0 = Debug|Any CPU
		{48A29806-1BC6-4919-AD07-9836529F425E}.Release|Any CPU.ActiveCfg = Release|Any CPU
		{48A29806-1BC6-4919-AD07-9836529F425E}.Release|Any CPU.Build.0 = Release|Any CPU
		{EC8E34B7-884B-49D4-9908-7B09382B8FDC}.Debug|Any CPU.ActiveCfg = Debug|Any CPU
		{EC8E34B7-884B-49D4-9908-7B09382B8FDC}.Debug|Any CPU.Build.0 = Debug|Any CPU
		{EC8E34B7-884B-49D4-9908-7B09382B8FDC}.Release|Any CPU.ActiveCfg = Release|Any CPU
		{EC8E34B7-884B-49D4-9908-7B09382B8FDC}.Release|Any CPU.Build.0 = Release|Any CPU
		{E8496D93-100A-4494-B6F4-0A2DCEED8899}.Debug|Any CPU.ActiveCfg = Debug|Any CPU
		{E8496D93-100A-4494-B6F4-0A2DCEED8899}.Debug|Any CPU.Build.0 = Debug|Any CPU
		{E8496D93-100A-4494-B6F4-0A2DCEED8899}.Release|Any CPU.ActiveCfg = Release|Any CPU
		{E8496D93-100A-4494-B6F4-0A2DCEED8899}.Release|Any CPU.Build.0 = Release|Any CPU
		{43E98F7C-FC6C-4055-95AD-588A8D3BE07B}.Debug|Any CPU.ActiveCfg = Debug|Any CPU
		{43E98F7C-FC6C-4055-95AD-588A8D3BE07B}.Debug|Any CPU.Build.0 = Debug|Any CPU
		{43E98F7C-FC6C-4055-95AD-588A8D3BE07B}.Release|Any CPU.ActiveCfg = Release|Any CPU
		{43E98F7C-FC6C-4055-95AD-588A8D3BE07B}.Release|Any CPU.Build.0 = Release|Any CPU
		{F9745FC3-91DC-479B-804E-6E6A4A33F801}.Debug|Any CPU.ActiveCfg = Debug|Any CPU
		{F9745FC3-91DC-479B-804E-6E6A4A33F801}.Debug|Any CPU.Build.0 = Debug|Any CPU
		{F9745FC3-91DC-479B-804E-6E6A4A33F801}.Release|Any CPU.ActiveCfg = Release|Any CPU
		{F9745FC3-91DC-479B-804E-6E6A4A33F801}.Release|Any CPU.Build.0 = Release|Any CPU
		{3ECE2C21-0004-4E69-9808-3CAC9D63D787}.Debug|Any CPU.ActiveCfg = Debug|Any CPU
		{3ECE2C21-0004-4E69-9808-3CAC9D63D787}.Debug|Any CPU.Build.0 = Debug|Any CPU
		{3ECE2C21-0004-4E69-9808-3CAC9D63D787}.Release|Any CPU.ActiveCfg = Release|Any CPU
		{3ECE2C21-0004-4E69-9808-3CAC9D63D787}.Release|Any CPU.Build.0 = Release|Any CPU
		{2D038E69-0196-49AF-986B-41DD611DBFFB}.Debug|Any CPU.ActiveCfg = Debug|Any CPU
		{2D038E69-0196-49AF-986B-41DD611DBFFB}.Debug|Any CPU.Build.0 = Debug|Any CPU
		{2D038E69-0196-49AF-986B-41DD611DBFFB}.Release|Any CPU.ActiveCfg = Release|Any CPU
		{2D038E69-0196-49AF-986B-41DD611DBFFB}.Release|Any CPU.Build.0 = Release|Any CPU
		{3B43E204-F393-4546-A47B-6E1778CEE1BA}.Debug|Any CPU.ActiveCfg = Debug|Any CPU
		{3B43E204-F393-4546-A47B-6E1778CEE1BA}.Debug|Any CPU.Build.0 = Debug|Any CPU
		{3B43E204-F393-4546-A47B-6E1778CEE1BA}.Release|Any CPU.ActiveCfg = Release|Any CPU
		{3B43E204-F393-4546-A47B-6E1778CEE1BA}.Release|Any CPU.Build.0 = Release|Any CPU
		{367CA6EB-C325-4270-A713-9C600D69BE92}.Debug|Any CPU.ActiveCfg = Debug|Any CPU
		{367CA6EB-C325-4270-A713-9C600D69BE92}.Debug|Any CPU.Build.0 = Debug|Any CPU
		{367CA6EB-C325-4270-A713-9C600D69BE92}.Release|Any CPU.ActiveCfg = Release|Any CPU
		{367CA6EB-C325-4270-A713-9C600D69BE92}.Release|Any CPU.Build.0 = Release|Any CPU
		{6095E0A5-4424-4BB8-AD0F-48B12DBB7CC6}.Debug|Any CPU.ActiveCfg = Debug|Any CPU
		{6095E0A5-4424-4BB8-AD0F-48B12DBB7CC6}.Debug|Any CPU.Build.0 = Debug|Any CPU
		{6095E0A5-4424-4BB8-AD0F-48B12DBB7CC6}.Release|Any CPU.ActiveCfg = Release|Any CPU
		{6095E0A5-4424-4BB8-AD0F-48B12DBB7CC6}.Release|Any CPU.Build.0 = Release|Any CPU
		{2CF2976D-E565-460F-B12F-BD112129B07D}.Debug|Any CPU.ActiveCfg = Debug|Any CPU
		{2CF2976D-E565-460F-B12F-BD112129B07D}.Debug|Any CPU.Build.0 = Debug|Any CPU
		{2CF2976D-E565-460F-B12F-BD112129B07D}.Release|Any CPU.ActiveCfg = Release|Any CPU
		{2CF2976D-E565-460F-B12F-BD112129B07D}.Release|Any CPU.Build.0 = Release|Any CPU
		{24E658A7-33DC-4370-9CB4-95E6588A0F89}.Debug|Any CPU.ActiveCfg = Debug|Any CPU
		{24E658A7-33DC-4370-9CB4-95E6588A0F89}.Debug|Any CPU.Build.0 = Debug|Any CPU
		{24E658A7-33DC-4370-9CB4-95E6588A0F89}.Release|Any CPU.ActiveCfg = Release|Any CPU
		{24E658A7-33DC-4370-9CB4-95E6588A0F89}.Release|Any CPU.Build.0 = Release|Any CPU
		{5D1DB6FA-BD1D-4981-9CAD-D94541CF7CAA}.Debug|Any CPU.ActiveCfg = Debug|Any CPU
		{5D1DB6FA-BD1D-4981-9CAD-D94541CF7CAA}.Debug|Any CPU.Build.0 = Debug|Any CPU
		{5D1DB6FA-BD1D-4981-9CAD-D94541CF7CAA}.Release|Any CPU.ActiveCfg = Release|Any CPU
		{5D1DB6FA-BD1D-4981-9CAD-D94541CF7CAA}.Release|Any CPU.Build.0 = Release|Any CPU
		{1D72E839-8508-4A83-B4B5-4E11590A69A4}.Debug|Any CPU.ActiveCfg = Debug|Any CPU
		{1D72E839-8508-4A83-B4B5-4E11590A69A4}.Debug|Any CPU.Build.0 = Debug|Any CPU
		{1D72E839-8508-4A83-B4B5-4E11590A69A4}.Release|Any CPU.ActiveCfg = Release|Any CPU
		{1D72E839-8508-4A83-B4B5-4E11590A69A4}.Release|Any CPU.Build.0 = Release|Any CPU
		{8C774F58-DB79-4493-BF65-942FC6EC13EF}.Debug|Any CPU.ActiveCfg = Debug|Any CPU
		{8C774F58-DB79-4493-BF65-942FC6EC13EF}.Debug|Any CPU.Build.0 = Debug|Any CPU
		{8C774F58-DB79-4493-BF65-942FC6EC13EF}.Release|Any CPU.ActiveCfg = Release|Any CPU
		{8C774F58-DB79-4493-BF65-942FC6EC13EF}.Release|Any CPU.Build.0 = Release|Any CPU
		{73F06D96-8ADA-4594-9AED-61B1FEC51E3E}.Debug|Any CPU.ActiveCfg = Debug|Any CPU
		{73F06D96-8ADA-4594-9AED-61B1FEC51E3E}.Debug|Any CPU.Build.0 = Debug|Any CPU
		{73F06D96-8ADA-4594-9AED-61B1FEC51E3E}.Release|Any CPU.ActiveCfg = Release|Any CPU
		{73F06D96-8ADA-4594-9AED-61B1FEC51E3E}.Release|Any CPU.Build.0 = Release|Any CPU
		{CBB69C99-7739-4818-9852-49F5F9EDC5A6}.Debug|Any CPU.ActiveCfg = Debug|Any CPU
		{CBB69C99-7739-4818-9852-49F5F9EDC5A6}.Debug|Any CPU.Build.0 = Debug|Any CPU
		{CBB69C99-7739-4818-9852-49F5F9EDC5A6}.Release|Any CPU.ActiveCfg = Release|Any CPU
		{CBB69C99-7739-4818-9852-49F5F9EDC5A6}.Release|Any CPU.Build.0 = Release|Any CPU
	EndGlobalSection
	GlobalSection(SolutionProperties) = preSolution
		HideSolutionNode = FALSE
	EndGlobalSection
	GlobalSection(ExtensibilityGlobals) = postSolution
		SolutionGuid = {D75DDBCA-7DF4-46EF-A1C5-6C4B53C00842}
	EndGlobalSection
EndGlobal
